// !$*UTF8*$!
{
	archiveVersion = 1;
	classes = {
	};
	objectVersion = 46;
	objects = {

/* Begin PBXBuildFile section */
		D82F9919174C25EE0071D4D2 /* InfoPlist.strings in Resources */ = {isa = PBXBuildFile; fileRef = D82F9917174C25EE0071D4D2 /* InfoPlist.strings */; };
		D82F9924174C2C9B0071D4D2 /* AppleARMPE.cpp in Sources */ = {isa = PBXBuildFile; fileRef = D82F9922174C2C9B0071D4D2 /* AppleARMPE.cpp */; };
		D82F9925174C2C9B0071D4D2 /* AppleARMPE.h in Headers */ = {isa = PBXBuildFile; fileRef = D82F9923174C2C9B0071D4D2 /* AppleARMPE.h */; };
		D84652EA174D776500FB6DBC /* AppleARMCPU.cpp in Sources */ = {isa = PBXBuildFile; fileRef = D84652E8174D776500FB6DBC /* AppleARMCPU.cpp */; };
		D84652EB174D776500FB6DBC /* AppleARMCPU.h in Headers */ = {isa = PBXBuildFile; fileRef = D84652E9174D776500FB6DBC /* AppleARMCPU.h */; };
		D84652EE174D8F8800FB6DBC /* AppleARMIO.cpp in Sources */ = {isa = PBXBuildFile; fileRef = D84652EC174D8F8800FB6DBC /* AppleARMIO.cpp */; };
		D84652EF174D8F8800FB6DBC /* AppleARMIO.h in Headers */ = {isa = PBXBuildFile; fileRef = D84652ED174D8F8800FB6DBC /* AppleARMIO.h */; };
/* End PBXBuildFile section */

/* Begin PBXFileReference section */
		D82F990F174C25EE0071D4D2 /* AppleARMPlatform.kext */ = {isa = PBXFileReference; explicitFileType = wrapper.cfbundle; includeInIndex = 0; path = AppleARMPlatform.kext; sourceTree = BUILT_PRODUCTS_DIR; };
		D82F9913174C25EE0071D4D2 /* Kernel.framework */ = {isa = PBXFileReference; lastKnownFileType = wrapper.framework; name = Kernel.framework; path = System/Library/Frameworks/Kernel.framework; sourceTree = SDKROOT; };
		D82F9916174C25EE0071D4D2 /* AppleARMPlatform-Info.plist */ = {isa = PBXFileReference; lastKnownFileType = text.plist.xml; path = "AppleARMPlatform-Info.plist"; sourceTree = "<group>"; };
		D82F9918174C25EE0071D4D2 /* en */ = {isa = PBXFileReference; lastKnownFileType = text.plist.strings; name = en; path = en.lproj/InfoPlist.strings; sourceTree = "<group>"; };
		D82F991C174C25EE0071D4D2 /* AppleARMPlatform-Prefix.pch */ = {isa = PBXFileReference; lastKnownFileType = sourcecode.c.h; path = "AppleARMPlatform-Prefix.pch"; sourceTree = "<group>"; };
		D82F9922174C2C9B0071D4D2 /* AppleARMPE.cpp */ = {isa = PBXFileReference; fileEncoding = 4; lastKnownFileType = sourcecode.cpp.cpp; path = AppleARMPE.cpp; sourceTree = "<group>"; };
		D82F9923174C2C9B0071D4D2 /* AppleARMPE.h */ = {isa = PBXFileReference; fileEncoding = 4; lastKnownFileType = sourcecode.c.h; path = AppleARMPE.h; sourceTree = "<group>"; };
		D84652E8174D776500FB6DBC /* AppleARMCPU.cpp */ = {isa = PBXFileReference; fileEncoding = 4; lastKnownFileType = sourcecode.cpp.cpp; path = AppleARMCPU.cpp; sourceTree = "<group>"; };
		D84652E9174D776500FB6DBC /* AppleARMCPU.h */ = {isa = PBXFileReference; fileEncoding = 4; lastKnownFileType = sourcecode.c.h; path = AppleARMCPU.h; sourceTree = "<group>"; };
		D84652EC174D8F8800FB6DBC /* AppleARMIO.cpp */ = {isa = PBXFileReference; fileEncoding = 4; lastKnownFileType = sourcecode.cpp.cpp; path = AppleARMIO.cpp; sourceTree = "<group>"; };
		D84652ED174D8F8800FB6DBC /* AppleARMIO.h */ = {isa = PBXFileReference; fileEncoding = 4; lastKnownFileType = sourcecode.c.h; path = AppleARMIO.h; sourceTree = "<group>"; };
/* End PBXFileReference section */

/* Begin PBXFrameworksBuildPhase section */
		D82F990A174C25EE0071D4D2 /* Frameworks */ = {
			isa = PBXFrameworksBuildPhase;
			buildActionMask = 2147483647;
			files = (
			);
			runOnlyForDeploymentPostprocessing = 0;
		};
/* End PBXFrameworksBuildPhase section */

/* Begin PBXGroup section */
		D82F9904174C25EE0071D4D2 = {
			isa = PBXGroup;
			children = (
				D82F9914174C25EE0071D4D2 /* AppleARMPlatform */,
				D82F9911174C25EE0071D4D2 /* Frameworks */,
				D82F9910174C25EE0071D4D2 /* Products */,
			);
			sourceTree = "<group>";
		};
		D82F9910174C25EE0071D4D2 /* Products */ = {
			isa = PBXGroup;
			children = (
				D82F990F174C25EE0071D4D2 /* AppleARMPlatform.kext */,
			);
			name = Products;
			sourceTree = "<group>";
		};
		D82F9911174C25EE0071D4D2 /* Frameworks */ = {
			isa = PBXGroup;
			children = (
				D82F9912174C25EE0071D4D2 /* Other Frameworks */,
			);
			name = Frameworks;
			sourceTree = "<group>";
		};
		D82F9912174C25EE0071D4D2 /* Other Frameworks */ = {
			isa = PBXGroup;
			children = (
				D82F9913174C25EE0071D4D2 /* Kernel.framework */,
			);
			name = "Other Frameworks";
			sourceTree = "<group>";
		};
		D82F9914174C25EE0071D4D2 /* AppleARMPlatform */ = {
			isa = PBXGroup;
			children = (
				D82F9915174C25EE0071D4D2 /* Supporting Files */,
				D82F9922174C2C9B0071D4D2 /* AppleARMPE.cpp */,
				D82F9923174C2C9B0071D4D2 /* AppleARMPE.h */,
				D84652E8174D776500FB6DBC /* AppleARMCPU.cpp */,
				D84652E9174D776500FB6DBC /* AppleARMCPU.h */,
				D84652EC174D8F8800FB6DBC /* AppleARMIO.cpp */,
				D84652ED174D8F8800FB6DBC /* AppleARMIO.h */,
			);
			path = AppleARMPlatform;
			sourceTree = "<group>";
		};
		D82F9915174C25EE0071D4D2 /* Supporting Files */ = {
			isa = PBXGroup;
			children = (
				D82F9916174C25EE0071D4D2 /* AppleARMPlatform-Info.plist */,
				D82F9917174C25EE0071D4D2 /* InfoPlist.strings */,
				D82F991C174C25EE0071D4D2 /* AppleARMPlatform-Prefix.pch */,
			);
			name = "Supporting Files";
			sourceTree = "<group>";
		};
/* End PBXGroup section */

/* Begin PBXHeadersBuildPhase section */
		D82F990B174C25EE0071D4D2 /* Headers */ = {
			isa = PBXHeadersBuildPhase;
			buildActionMask = 2147483647;
			files = (
				D82F9925174C2C9B0071D4D2 /* AppleARMPE.h in Headers */,
				D84652EB174D776500FB6DBC /* AppleARMCPU.h in Headers */,
				D84652EF174D8F8800FB6DBC /* AppleARMIO.h in Headers */,
			);
			runOnlyForDeploymentPostprocessing = 0;
		};
/* End PBXHeadersBuildPhase section */

/* Begin PBXNativeTarget section */
		D82F990E174C25EE0071D4D2 /* AppleARMPlatform */ = {
			isa = PBXNativeTarget;
			buildConfigurationList = D82F991F174C25EE0071D4D2 /* Build configuration list for PBXNativeTarget "AppleARMPlatform" */;
			buildPhases = (
				D82F9909174C25EE0071D4D2 /* Sources */,
				D82F990A174C25EE0071D4D2 /* Frameworks */,
				D82F990B174C25EE0071D4D2 /* Headers */,
				D82F990C174C25EE0071D4D2 /* Resources */,
				D82F990D174C25EE0071D4D2 /* Rez */,
			);
			buildRules = (
			);
			dependencies = (
			);
			name = AppleARMPlatform;
			productName = AppleARMPlatform;
			productReference = D82F990F174C25EE0071D4D2 /* AppleARMPlatform.kext */;
			productType = "com.apple.product-type.kernel-extension";
		};
/* End PBXNativeTarget section */

/* Begin PBXProject section */
		D82F9905174C25EE0071D4D2 /* Project object */ = {
			isa = PBXProject;
			attributes = {
				LastUpgradeCheck = 0460;
				ORGANIZATIONNAME = rms;
			};
			buildConfigurationList = D82F9908174C25EE0071D4D2 /* Build configuration list for PBXProject "AppleARMPlatform" */;
			compatibilityVersion = "Xcode 3.2";
			developmentRegion = English;
			hasScannedForEncodings = 0;
			knownRegions = (
				en,
			);
			mainGroup = D82F9904174C25EE0071D4D2;
			productRefGroup = D82F9910174C25EE0071D4D2 /* Products */;
			projectDirPath = "";
			projectRoot = "";
			targets = (
				D82F990E174C25EE0071D4D2 /* AppleARMPlatform */,
			);
		};
/* End PBXProject section */

/* Begin PBXResourcesBuildPhase section */
		D82F990C174C25EE0071D4D2 /* Resources */ = {
			isa = PBXResourcesBuildPhase;
			buildActionMask = 2147483647;
			files = (
				D82F9919174C25EE0071D4D2 /* InfoPlist.strings in Resources */,
			);
			runOnlyForDeploymentPostprocessing = 0;
		};
/* End PBXResourcesBuildPhase section */

/* Begin PBXRezBuildPhase section */
		D82F990D174C25EE0071D4D2 /* Rez */ = {
			isa = PBXRezBuildPhase;
			buildActionMask = 2147483647;
			files = (
			);
			runOnlyForDeploymentPostprocessing = 0;
		};
/* End PBXRezBuildPhase section */

/* Begin PBXSourcesBuildPhase section */
		D82F9909174C25EE0071D4D2 /* Sources */ = {
			isa = PBXSourcesBuildPhase;
			buildActionMask = 2147483647;
			files = (
				D82F9924174C2C9B0071D4D2 /* AppleARMPE.cpp in Sources */,
				D84652EA174D776500FB6DBC /* AppleARMCPU.cpp in Sources */,
				D84652EE174D8F8800FB6DBC /* AppleARMIO.cpp in Sources */,
			);
			runOnlyForDeploymentPostprocessing = 0;
		};
/* End PBXSourcesBuildPhase section */

/* Begin PBXVariantGroup section */
		D82F9917174C25EE0071D4D2 /* InfoPlist.strings */ = {
			isa = PBXVariantGroup;
			children = (
				D82F9918174C25EE0071D4D2 /* en */,
			);
			name = InfoPlist.strings;
			sourceTree = "<group>";
		};
/* End PBXVariantGroup section */

/* Begin XCBuildConfiguration section */
		D82F991D174C25EE0071D4D2 /* Debug */ = {
			isa = XCBuildConfiguration;
			buildSettings = {
				ALWAYS_SEARCH_USER_PATHS = NO;
				ARCHS = "$(ARCHS_STANDARD_32_BIT)";
				CLANG_CXX_LANGUAGE_STANDARD = "gnu++0x";
				CLANG_CXX_LIBRARY = "libc++";
				CLANG_WARN_CONSTANT_CONVERSION = YES;
				CLANG_WARN_EMPTY_BODY = YES;
				CLANG_WARN_ENUM_CONVERSION = YES;
				CLANG_WARN_INT_CONVERSION = YES;
				CLANG_WARN__DUPLICATE_METHOD_MATCH = YES;
				COPY_PHASE_STRIP = NO;
				GCC_C_LANGUAGE_STANDARD = gnu99;
				GCC_DYNAMIC_NO_PIC = NO;
				GCC_ENABLE_OBJC_EXCEPTIONS = YES;
				GCC_OPTIMIZATION_LEVEL = 0;
				GCC_PREPROCESSOR_DEFINITIONS = (
					"DEBUG=1",
					"$(inherited)",
				);
				GCC_SYMBOLS_PRIVATE_EXTERN = NO;
				GCC_WARN_64_TO_32_BIT_CONVERSION = YES;
				GCC_WARN_ABOUT_RETURN_TYPE = YES;
				GCC_WARN_UNINITIALIZED_AUTOS = YES;
				GCC_WARN_UNUSED_VARIABLE = YES;
				MACOSX_DEPLOYMENT_TARGET = 10.8;
				ONLY_ACTIVE_ARCH = YES;
				SDKROOT = macosx10.8;
			};
			name = Debug;
		};
		D82F991E174C25EE0071D4D2 /* Release */ = {
			isa = XCBuildConfiguration;
			buildSettings = {
				ALWAYS_SEARCH_USER_PATHS = NO;
				ARCHS = "$(ARCHS_STANDARD_32_BIT)";
				CLANG_CXX_LANGUAGE_STANDARD = "gnu++0x";
				CLANG_CXX_LIBRARY = "libc++";
				CLANG_WARN_CONSTANT_CONVERSION = YES;
				CLANG_WARN_EMPTY_BODY = YES;
				CLANG_WARN_ENUM_CONVERSION = YES;
				CLANG_WARN_INT_CONVERSION = YES;
				CLANG_WARN__DUPLICATE_METHOD_MATCH = YES;
				COPY_PHASE_STRIP = YES;
				DEBUG_INFORMATION_FORMAT = "dwarf-with-dsym";
				GCC_C_LANGUAGE_STANDARD = gnu99;
				GCC_ENABLE_OBJC_EXCEPTIONS = YES;
				GCC_WARN_64_TO_32_BIT_CONVERSION = YES;
				GCC_WARN_ABOUT_RETURN_TYPE = YES;
				GCC_WARN_UNINITIALIZED_AUTOS = YES;
				GCC_WARN_UNUSED_VARIABLE = YES;
				MACOSX_DEPLOYMENT_TARGET = 10.8;
				SDKROOT = macosx10.8;
			};
			name = Release;
		};
		D82F9920174C25EE0071D4D2 /* Debug */ = {
			isa = XCBuildConfiguration;
			buildSettings = {
				ARCHS = "$(ARCHS_STANDARD_32_BIT)";
				COMBINE_HIDPI_IMAGES = YES;
				GCC_PRECOMPILE_PREFIX_HEADER = YES;
				GCC_PREFIX_HEADER = "AppleARMPlatform/AppleARMPlatform-Prefix.pch";
				GCC_VERSION = com.apple.compilers.llvm.clang.1_0;
				INFOPLIST_FILE = "AppleARMPlatform/AppleARMPlatform-Info.plist";
				INSTALL_PATH = "$(SYSTEM_LIBRARY_DIR)/Extensions";
				MODULE_NAME = com.apple.purple.AppleARMPlatform;
				MODULE_START = 0;
				MODULE_VERSION = 1.0.0d1;
				PRODUCT_NAME = "$(TARGET_NAME)";
				SDKROOT = macosx10.8;
				WRAPPER_EXTENSION = kext;
			};
			name = Debug;
		};
		D82F9921174C25EE0071D4D2 /* Release */ = {
			isa = XCBuildConfiguration;
			buildSettings = {
				ARCHS = "$(ARCHS_STANDARD_32_BIT)";
				COMBINE_HIDPI_IMAGES = YES;
				GCC_PRECOMPILE_PREFIX_HEADER = YES;
				GCC_PREFIX_HEADER = "AppleARMPlatform/AppleARMPlatform-Prefix.pch";
				GCC_VERSION = com.apple.compilers.llvm.clang.1_0;
				INFOPLIST_FILE = "AppleARMPlatform/AppleARMPlatform-Info.plist";
				INSTALL_PATH = "$(SYSTEM_LIBRARY_DIR)/Extensions";
				MODULE_NAME = com.apple.purple.AppleARMPlatform;
				MODULE_START = 0;
				MODULE_VERSION = 1.0.0d1;
				PRODUCT_NAME = "$(TARGET_NAME)";
				SDKROOT = macosx10.8;
				WRAPPER_EXTENSION = kext;
			};
			name = Release;
		};
/* End XCBuildConfiguration section */

/* Begin XCConfigurationList section */
		D82F9908174C25EE0071D4D2 /* Build configuration list for PBXProject "AppleARMPlatform" */ = {
			isa = XCConfigurationList;
			buildConfigurations = (
				D82F991D174C25EE0071D4D2 /* Debug */,
				D82F991E174C25EE0071D4D2 /* Release */,
			);
			defaultConfigurationIsVisible = 0;
			defaultConfigurationName = Release;
		};
		D82F991F174C25EE0071D4D2 /* Build configuration list for PBXNativeTarget "AppleARMPlatform" */ = {
			isa = XCConfigurationList;
			buildConfigurations = (
				D82F9920174C25EE0071D4D2 /* Debug */,
				D82F9921174C25EE0071D4D2 /* Release */,
			);
			defaultConfigurationIsVisible = 0;
			defaultConfigurationName = Release;
		};
/* End XCConfigurationList section */
	};
	rootObject = D82F9905174C25EE0071D4D2 /* Project object */;
}
