// !$*UTF8*$!
{
	archiveVersion = 1;
	classes = {
	};
	objectVersion = 46;
	objects = {

/* Begin PBXBuildFile section */
		D84F2B5F174F9E6F00CEAFE5 /* InfoPlist.strings in Resources */ = {isa = PBXBuildFile; fileRef = D84F2B5D174F9E6F00CEAFE5 /* InfoPlist.strings */; };
		D84F2B6B174F9EFA00CEAFE5 /* AppleFusedStorageDevice.cpp in Sources */ = {isa = PBXBuildFile; fileRef = D84F2B69174F9EFA00CEAFE5 /* AppleFusedStorageDevice.cpp */; };
		D84F2B6C174F9EFA00CEAFE5 /* AppleFusedStorageDevice.h in Headers */ = {isa = PBXBuildFile; fileRef = D84F2B6A174F9EFA00CEAFE5 /* AppleFusedStorageDevice.h */; };
		D854F73417513020006AD09C /* AppleFusedKernelRamdiskBlockDevice.cpp in Sources */ = {isa = PBXBuildFile; fileRef = D854F73217513020006AD09C /* AppleFusedKernelRamdiskBlockDevice.cpp */; };
		D854F73517513020006AD09C /* AppleFusedKernelRamdiskBlockDevice.h in Headers */ = {isa = PBXBuildFile; fileRef = D854F73317513020006AD09C /* AppleFusedKernelRamdiskBlockDevice.h */; };
		D880CA37175048E200B7B093 /* AppleFusedStorageBSDClient.cpp in Sources */ = {isa = PBXBuildFile; fileRef = D880CA35175048E200B7B093 /* AppleFusedStorageBSDClient.cpp */; };
		D880CA38175048E200B7B093 /* AppleFusedStorageBSDClient.h in Headers */ = {isa = PBXBuildFile; fileRef = D880CA36175048E200B7B093 /* AppleFusedStorageBSDClient.h */; };
/* End PBXBuildFile section */

/* Begin PBXFileReference section */
		D84F2B55174F9E6F00CEAFE5 /* AppleFusedKernelRamdisk.kext */ = {isa = PBXFileReference; explicitFileType = wrapper.cfbundle; includeInIndex = 0; path = AppleFusedKernelRamdisk.kext; sourceTree = BUILT_PRODUCTS_DIR; };
		D84F2B59174F9E6F00CEAFE5 /* Kernel.framework */ = {isa = PBXFileReference; lastKnownFileType = wrapper.framework; name = Kernel.framework; path = System/Library/Frameworks/Kernel.framework; sourceTree = SDKROOT; };
		D84F2B5C174F9E6F00CEAFE5 /* AppleFusedKernelRamdisk-Info.plist */ = {isa = PBXFileReference; lastKnownFileType = text.plist.xml; path = "AppleFusedKernelRamdisk-Info.plist"; sourceTree = "<group>"; };
		D84F2B5E174F9E6F00CEAFE5 /* en */ = {isa = PBXFileReference; lastKnownFileType = text.plist.strings; name = en; path = en.lproj/InfoPlist.strings; sourceTree = "<group>"; };
		D84F2B63174F9E6F00CEAFE5 /* AppleFusedKernelRamdisk-Prefix.pch */ = {isa = PBXFileReference; lastKnownFileType = sourcecode.c.h; path = "AppleFusedKernelRamdisk-Prefix.pch"; sourceTree = "<group>"; };
		D84F2B69174F9EFA00CEAFE5 /* AppleFusedStorageDevice.cpp */ = {isa = PBXFileReference; fileEncoding = 4; lastKnownFileType = sourcecode.cpp.cpp; path = AppleFusedStorageDevice.cpp; sourceTree = "<group>"; };
		D84F2B6A174F9EFA00CEAFE5 /* AppleFusedStorageDevice.h */ = {isa = PBXFileReference; fileEncoding = 4; lastKnownFileType = sourcecode.c.h; path = AppleFusedStorageDevice.h; sourceTree = "<group>"; };
		D854F73217513020006AD09C /* AppleFusedKernelRamdiskBlockDevice.cpp */ = {isa = PBXFileReference; fileEncoding = 4; lastKnownFileType = sourcecode.cpp.cpp; path = AppleFusedKernelRamdiskBlockDevice.cpp; sourceTree = "<group>"; };
		D854F73317513020006AD09C /* AppleFusedKernelRamdiskBlockDevice.h */ = {isa = PBXFileReference; fileEncoding = 4; lastKnownFileType = sourcecode.c.h; path = AppleFusedKernelRamdiskBlockDevice.h; sourceTree = "<group>"; };
		D880CA35175048E200B7B093 /* AppleFusedStorageBSDClient.cpp */ = {isa = PBXFileReference; fileEncoding = 4; lastKnownFileType = sourcecode.cpp.cpp; name = AppleFusedStorageBSDClient.cpp; path = AppleFusedKernelRamdisk/AppleFusedStorageBSDClient.cpp; sourceTree = "<group>"; };
		D880CA36175048E200B7B093 /* AppleFusedStorageBSDClient.h */ = {isa = PBXFileReference; fileEncoding = 4; lastKnownFileType = sourcecode.c.h; name = AppleFusedStorageBSDClient.h; path = AppleFusedKernelRamdisk/AppleFusedStorageBSDClient.h; sourceTree = "<group>"; };
/* End PBXFileReference section */

/* Begin PBXFrameworksBuildPhase section */
		D84F2B50174F9E6F00CEAFE5 /* Frameworks */ = {
			isa = PBXFrameworksBuildPhase;
			buildActionMask = 2147483647;
			files = (
			);
			runOnlyForDeploymentPostprocessing = 0;
		};
/* End PBXFrameworksBuildPhase section */

/* Begin PBXGroup section */
		D84F2B4A174F9E6F00CEAFE5 = {
			isa = PBXGroup;
			children = (
				D880CA35175048E200B7B093 /* AppleFusedStorageBSDClient.cpp */,
				D880CA36175048E200B7B093 /* AppleFusedStorageBSDClient.h */,
				D84F2B5A174F9E6F00CEAFE5 /* AppleFusedKernelRamdisk */,
				D84F2B57174F9E6F00CEAFE5 /* Frameworks */,
				D84F2B56174F9E6F00CEAFE5 /* Products */,
			);
			sourceTree = "<group>";
		};
		D84F2B56174F9E6F00CEAFE5 /* Products */ = {
			isa = PBXGroup;
			children = (
				D84F2B55174F9E6F00CEAFE5 /* AppleFusedKernelRamdisk.kext */,
			);
			name = Products;
			sourceTree = "<group>";
		};
		D84F2B57174F9E6F00CEAFE5 /* Frameworks */ = {
			isa = PBXGroup;
			children = (
				D84F2B58174F9E6F00CEAFE5 /* Other Frameworks */,
			);
			name = Frameworks;
			sourceTree = "<group>";
		};
		D84F2B58174F9E6F00CEAFE5 /* Other Frameworks */ = {
			isa = PBXGroup;
			children = (
				D84F2B59174F9E6F00CEAFE5 /* Kernel.framework */,
			);
			name = "Other Frameworks";
			sourceTree = "<group>";
		};
		D84F2B5A174F9E6F00CEAFE5 /* AppleFusedKernelRamdisk */ = {
			isa = PBXGroup;
			children = (
				D854F73217513020006AD09C /* AppleFusedKernelRamdiskBlockDevice.cpp */,
				D854F73317513020006AD09C /* AppleFusedKernelRamdiskBlockDevice.h */,
				D84F2B5B174F9E6F00CEAFE5 /* Supporting Files */,
				D84F2B69174F9EFA00CEAFE5 /* AppleFusedStorageDevice.cpp */,
				D84F2B6A174F9EFA00CEAFE5 /* AppleFusedStorageDevice.h */,
			);
			path = AppleFusedKernelRamdisk;
			sourceTree = "<group>";
		};
		D84F2B5B174F9E6F00CEAFE5 /* Supporting Files */ = {
			isa = PBXGroup;
			children = (
				D84F2B5C174F9E6F00CEAFE5 /* AppleFusedKernelRamdisk-Info.plist */,
				D84F2B5D174F9E6F00CEAFE5 /* InfoPlist.strings */,
				D84F2B63174F9E6F00CEAFE5 /* AppleFusedKernelRamdisk-Prefix.pch */,
			);
			name = "Supporting Files";
			sourceTree = "<group>";
		};
/* End PBXGroup section */

/* Begin PBXHeadersBuildPhase section */
		D84F2B51174F9E6F00CEAFE5 /* Headers */ = {
			isa = PBXHeadersBuildPhase;
			buildActionMask = 2147483647;
			files = (
				D84F2B6C174F9EFA00CEAFE5 /* AppleFusedStorageDevice.h in Headers */,
				D880CA38175048E200B7B093 /* AppleFusedStorageBSDClient.h in Headers */,
				D854F73517513020006AD09C /* AppleFusedKernelRamdiskBlockDevice.h in Headers */,
			);
			runOnlyForDeploymentPostprocessing = 0;
		};
/* End PBXHeadersBuildPhase section */

/* Begin PBXNativeTarget section */
		D84F2B54174F9E6F00CEAFE5 /* AppleFusedKernelRamdisk */ = {
			isa = PBXNativeTarget;
			buildConfigurationList = D84F2B66174F9E6F00CEAFE5 /* Build configuration list for PBXNativeTarget "AppleFusedKernelRamdisk" */;
			buildPhases = (
				D84F2B4F174F9E6F00CEAFE5 /* Sources */,
				D84F2B50174F9E6F00CEAFE5 /* Frameworks */,
				D84F2B51174F9E6F00CEAFE5 /* Headers */,
				D84F2B52174F9E6F00CEAFE5 /* Resources */,
				D84F2B53174F9E6F00CEAFE5 /* Rez */,
			);
			buildRules = (
			);
			dependencies = (
			);
			name = AppleFusedKernelRamdisk;
			productName = AppleFusedKernelRamdisk;
			productReference = D84F2B55174F9E6F00CEAFE5 /* AppleFusedKernelRamdisk.kext */;
			productType = "com.apple.product-type.kernel-extension";
		};
/* End PBXNativeTarget section */

/* Begin PBXProject section */
		D84F2B4B174F9E6F00CEAFE5 /* Project object */ = {
			isa = PBXProject;
			attributes = {
				LastUpgradeCheck = 0460;
				ORGANIZATIONNAME = rms;
			};
			buildConfigurationList = D84F2B4E174F9E6F00CEAFE5 /* Build configuration list for PBXProject "AppleFusedKernelRamdisk" */;
			compatibilityVersion = "Xcode 3.2";
			developmentRegion = English;
			hasScannedForEncodings = 0;
			knownRegions = (
				en,
			);
			mainGroup = D84F2B4A174F9E6F00CEAFE5;
			productRefGroup = D84F2B56174F9E6F00CEAFE5 /* Products */;
			projectDirPath = "";
			projectRoot = "";
			targets = (
				D84F2B54174F9E6F00CEAFE5 /* AppleFusedKernelRamdisk */,
			);
		};
/* End PBXProject section */

/* Begin PBXResourcesBuildPhase section */
		D84F2B52174F9E6F00CEAFE5 /* Resources */ = {
			isa = PBXResourcesBuildPhase;
			buildActionMask = 2147483647;
			files = (
				D84F2B5F174F9E6F00CEAFE5 /* InfoPlist.strings in Resources */,
			);
			runOnlyForDeploymentPostprocessing = 0;
		};
/* End PBXResourcesBuildPhase section */

/* Begin PBXRezBuildPhase section */
		D84F2B53174F9E6F00CEAFE5 /* Rez */ = {
			isa = PBXRezBuildPhase;
			buildActionMask = 2147483647;
			files = (
			);
			runOnlyForDeploymentPostprocessing = 0;
		};
/* End PBXRezBuildPhase section */

/* Begin PBXSourcesBuildPhase section */
		D84F2B4F174F9E6F00CEAFE5 /* Sources */ = {
			isa = PBXSourcesBuildPhase;
			buildActionMask = 2147483647;
			files = (
				D84F2B6B174F9EFA00CEAFE5 /* AppleFusedStorageDevice.cpp in Sources */,
				D880CA37175048E200B7B093 /* AppleFusedStorageBSDClient.cpp in Sources */,
				D854F73417513020006AD09C /* AppleFusedKernelRamdiskBlockDevice.cpp in Sources */,
			);
			runOnlyForDeploymentPostprocessing = 0;
		};
/* End PBXSourcesBuildPhase section */

/* Begin PBXVariantGroup section */
		D84F2B5D174F9E6F00CEAFE5 /* InfoPlist.strings */ = {
			isa = PBXVariantGroup;
			children = (
				D84F2B5E174F9E6F00CEAFE5 /* en */,
			);
			name = InfoPlist.strings;
			sourceTree = "<group>";
		};
/* End PBXVariantGroup section */

/* Begin XCBuildConfiguration section */
		D84F2B64174F9E6F00CEAFE5 /* Debug */ = {
			isa = XCBuildConfiguration;
			buildSettings = {
				ALWAYS_SEARCH_USER_PATHS = NO;
				ARCHS = "$(ARCHS_STANDARD_32_BIT)";
				CLANG_CXX_LANGUAGE_STANDARD = "gnu++0x";
				CLANG_CXX_LIBRARY = "libc++";
				CLANG_WARN_CONSTANT_CONVERSION = YES;
				CLANG_WARN_EMPTY_BODY = YES;
				CLANG_WARN_ENUM_CONVERSION = YES;
				CLANG_WARN_INT_CONVERSION = YES;
				CLANG_WARN__DUPLICATE_METHOD_MATCH = YES;
				COPY_PHASE_STRIP = NO;
				GCC_C_LANGUAGE_STANDARD = gnu99;
				GCC_DYNAMIC_NO_PIC = NO;
				GCC_ENABLE_OBJC_EXCEPTIONS = YES;
				GCC_OPTIMIZATION_LEVEL = 0;
				GCC_PREPROCESSOR_DEFINITIONS = (
					"DEBUG=1",
					"$(inherited)",
				);
				GCC_SYMBOLS_PRIVATE_EXTERN = NO;
				GCC_WARN_64_TO_32_BIT_CONVERSION = YES;
				GCC_WARN_ABOUT_RETURN_TYPE = YES;
				GCC_WARN_UNINITIALIZED_AUTOS = YES;
				GCC_WARN_UNUSED_VARIABLE = YES;
				MACOSX_DEPLOYMENT_TARGET = 10.8;
				ONLY_ACTIVE_ARCH = YES;
				SDKROOT = macosx;
			};
			name = Debug;
		};
		D84F2B65174F9E6F00CEAFE5 /* Release */ = {
			isa = XCBuildConfiguration;
			buildSettings = {
				ALWAYS_SEARCH_USER_PATHS = NO;
				ARCHS = "$(ARCHS_STANDARD_32_BIT)";
				CLANG_CXX_LANGUAGE_STANDARD = "gnu++0x";
				CLANG_CXX_LIBRARY = "libc++";
				CLANG_WARN_CONSTANT_CONVERSION = YES;
				CLANG_WARN_EMPTY_BODY = YES;
				CLANG_WARN_ENUM_CONVERSION = YES;
				CLANG_WARN_INT_CONVERSION = YES;
				CLANG_WARN__DUPLICATE_METHOD_MATCH = YES;
				COPY_PHASE_STRIP = NO;
				DEBUG_INFORMATION_FORMAT = "dwarf-with-dsym";
				GCC_C_LANGUAGE_STANDARD = gnu99;
				GCC_ENABLE_OBJC_EXCEPTIONS = YES;
				GCC_WARN_64_TO_32_BIT_CONVERSION = YES;
				GCC_WARN_ABOUT_RETURN_TYPE = YES;
				GCC_WARN_UNINITIALIZED_AUTOS = YES;
				GCC_WARN_UNUSED_VARIABLE = YES;
				MACOSX_DEPLOYMENT_TARGET = 10.8;
				SDKROOT = macosx;
			};
			name = Release;
		};
		D84F2B67174F9E6F00CEAFE5 /* Debug */ = {
			isa = XCBuildConfiguration;
			buildSettings = {
				COMBINE_HIDPI_IMAGES = YES;
				CURRENT_PROJECT_VERSION = 1.0.0d1;
				GCC_PRECOMPILE_PREFIX_HEADER = YES;
				GCC_PREFIX_HEADER = "AppleFusedKernelRamdisk/AppleFusedKernelRamdisk-Prefix.pch";
				GCC_VERSION = com.apple.compilers.llvm.clang.1_0;
				INFOPLIST_FILE = "AppleFusedKernelRamdisk/AppleFusedKernelRamdisk-Info.plist";
				MODULE_NAME = com.apple.purple.AppleFusedKernelRamdisk;
				MODULE_VERSION = 1.0.0d1;
				PRODUCT_NAME = "$(TARGET_NAME)";
				WRAPPER_EXTENSION = kext;
			};
			name = Debug;
		};
		D84F2B68174F9E6F00CEAFE5 /* Release */ = {
			isa = XCBuildConfiguration;
			buildSettings = {
				COMBINE_HIDPI_IMAGES = YES;
				CURRENT_PROJECT_VERSION = 1.0.0d1;
				GCC_PRECOMPILE_PREFIX_HEADER = YES;
				GCC_PREFIX_HEADER = "AppleFusedKernelRamdisk/AppleFusedKernelRamdisk-Prefix.pch";
				GCC_VERSION = com.apple.compilers.llvm.clang.1_0;
				INFOPLIST_FILE = "AppleFusedKernelRamdisk/AppleFusedKernelRamdisk-Info.plist";
				MODULE_NAME = com.apple.purple.AppleFusedKernelRamdisk;
				MODULE_VERSION = 1.0.0d1;
				PRODUCT_NAME = "$(TARGET_NAME)";
				WRAPPER_EXTENSION = kext;
			};
			name = Release;
		};
/* End XCBuildConfiguration section */

/* Begin XCConfigurationList section */
		D84F2B4E174F9E6F00CEAFE5 /* Build configuration list for PBXProject "AppleFusedKernelRamdisk" */ = {
			isa = XCConfigurationList;
			buildConfigurations = (
				D84F2B64174F9E6F00CEAFE5 /* Debug */,
				D84F2B65174F9E6F00CEAFE5 /* Release */,
			);
			defaultConfigurationIsVisible = 0;
			defaultConfigurationName = Release;
		};
		D84F2B66174F9E6F00CEAFE5 /* Build configuration list for PBXNativeTarget "AppleFusedKernelRamdisk" */ = {
			isa = XCConfigurationList;
			buildConfigurations = (
				D84F2B67174F9E6F00CEAFE5 /* Debug */,
				D84F2B68174F9E6F00CEAFE5 /* Release */,
			);
			defaultConfigurationIsVisible = 0;
			defaultConfigurationName = Release;
		};
/* End XCConfigurationList section */
	};
	rootObject = D84F2B4B174F9E6F00CEAFE5 /* Project object */;
}
