// !$*UTF8*$!
{
	archiveVersion = 1;
	classes = {
	};
	objectVersion = 46;
	objects = {

/* Begin PBXBuildFile section */
		D84F2B34174EF81500CEAFE5 /* InfoPlist.strings in Resources */ = {isa = PBXBuildFile; fileRef = D84F2B32174EF81500CEAFE5 /* InfoPlist.strings */; };
		D84F2B37174EF81500CEAFE5 /* AppleSamsungSerial.cpp in Sources */ = {isa = PBXBuildFile; fileRef = D84F2B36174EF81500CEAFE5 /* AppleSamsungSerial.cpp */; };
		D84F2B40174EF8EA00CEAFE5 /* AppleSamsungSerialDevice.cpp in Sources */ = {isa = PBXBuildFile; fileRef = D84F2B3E174EF8EA00CEAFE5 /* AppleSamsungSerialDevice.cpp */; };
		D84F2B41174EF8EA00CEAFE5 /* AppleSamsungSerialDevice.h in Headers */ = {isa = PBXBuildFile; fileRef = D84F2B3F174EF8EA00CEAFE5 /* AppleSamsungSerialDevice.h */; };
		D84F2B44174F06E600CEAFE5 /* AppleSamsungSerialDeviceSync.cpp in Sources */ = {isa = PBXBuildFile; fileRef = D84F2B42174F06E600CEAFE5 /* AppleSamsungSerialDeviceSync.cpp */; };
		D84F2B45174F06E600CEAFE5 /* AppleSamsungSerialDeviceSync.h in Headers */ = {isa = PBXBuildFile; fileRef = D84F2B43174F06E600CEAFE5 /* AppleSamsungSerialDeviceSync.h */; };
		D84F2B48174F111B00CEAFE5 /* AppleSamsungSerialBSDClient.cpp in Sources */ = {isa = PBXBuildFile; fileRef = D84F2B46174F111B00CEAFE5 /* AppleSamsungSerialBSDClient.cpp */; };
		D84F2B49174F111B00CEAFE5 /* AppleSamsungSerialBSDClient.h in Headers */ = {isa = PBXBuildFile; fileRef = D84F2B47174F111B00CEAFE5 /* AppleSamsungSerialBSDClient.h */; };
/* End PBXBuildFile section */

/* Begin PBXFileReference section */
		D84F2B2A174EF81500CEAFE5 /* AppleSamsungSerial.kext */ = {isa = PBXFileReference; explicitFileType = wrapper.cfbundle; includeInIndex = 0; path = AppleSamsungSerial.kext; sourceTree = BUILT_PRODUCTS_DIR; };
		D84F2B2E174EF81500CEAFE5 /* Kernel.framework */ = {isa = PBXFileReference; lastKnownFileType = wrapper.framework; name = Kernel.framework; path = System/Library/Frameworks/Kernel.framework; sourceTree = SDKROOT; };
		D84F2B31174EF81500CEAFE5 /* AppleSamsungSerial-Info.plist */ = {isa = PBXFileReference; lastKnownFileType = text.plist.xml; path = "AppleSamsungSerial-Info.plist"; sourceTree = "<group>"; };
		D84F2B33174EF81500CEAFE5 /* en */ = {isa = PBXFileReference; lastKnownFileType = text.plist.strings; name = en; path = en.lproj/InfoPlist.strings; sourceTree = "<group>"; };
		D84F2B35174EF81500CEAFE5 /* AppleSamsungSerial.h */ = {isa = PBXFileReference; lastKnownFileType = sourcecode.c.h; path = AppleSamsungSerial.h; sourceTree = "<group>"; };
		D84F2B36174EF81500CEAFE5 /* AppleSamsungSerial.cpp */ = {isa = PBXFileReference; lastKnownFileType = sourcecode.cpp.cpp; path = AppleSamsungSerial.cpp; sourceTree = "<group>"; };
		D84F2B38174EF81500CEAFE5 /* AppleSamsungSerial-Prefix.pch */ = {isa = PBXFileReference; lastKnownFileType = sourcecode.c.h; path = "AppleSamsungSerial-Prefix.pch"; sourceTree = "<group>"; };
		D84F2B3E174EF8EA00CEAFE5 /* AppleSamsungSerialDevice.cpp */ = {isa = PBXFileReference; fileEncoding = 4; lastKnownFileType = sourcecode.cpp.cpp; path = AppleSamsungSerialDevice.cpp; sourceTree = "<group>"; };
		D84F2B3F174EF8EA00CEAFE5 /* AppleSamsungSerialDevice.h */ = {isa = PBXFileReference; fileEncoding = 4; lastKnownFileType = sourcecode.c.h; path = AppleSamsungSerialDevice.h; sourceTree = "<group>"; };
		D84F2B42174F06E600CEAFE5 /* AppleSamsungSerialDeviceSync.cpp */ = {isa = PBXFileReference; fileEncoding = 4; lastKnownFileType = sourcecode.cpp.cpp; path = AppleSamsungSerialDeviceSync.cpp; sourceTree = "<group>"; };
		D84F2B43174F06E600CEAFE5 /* AppleSamsungSerialDeviceSync.h */ = {isa = PBXFileReference; fileEncoding = 4; lastKnownFileType = sourcecode.c.h; path = AppleSamsungSerialDeviceSync.h; sourceTree = "<group>"; };
		D84F2B46174F111B00CEAFE5 /* AppleSamsungSerialBSDClient.cpp */ = {isa = PBXFileReference; fileEncoding = 4; lastKnownFileType = sourcecode.cpp.cpp; path = AppleSamsungSerialBSDClient.cpp; sourceTree = "<group>"; };
		D84F2B47174F111B00CEAFE5 /* AppleSamsungSerialBSDClient.h */ = {isa = PBXFileReference; fileEncoding = 4; lastKnownFileType = sourcecode.c.h; path = AppleSamsungSerialBSDClient.h; sourceTree = "<group>"; };
/* End PBXFileReference section */

/* Begin PBXFrameworksBuildPhase section */
		D84F2B25174EF81500CEAFE5 /* Frameworks */ = {
			isa = PBXFrameworksBuildPhase;
			buildActionMask = 2147483647;
			files = (
			);
			runOnlyForDeploymentPostprocessing = 0;
		};
/* End PBXFrameworksBuildPhase section */

/* Begin PBXGroup section */
		D84F2B1F174EF81500CEAFE5 = {
			isa = PBXGroup;
			children = (
				D84F2B2F174EF81500CEAFE5 /* AppleSamsungSerial */,
				D84F2B2B174EF81500CEAFE5 /* Products */,
				D84F2B2C174EF81500CEAFE5 /* Frameworks */,
			);
			sourceTree = "<group>";
		};
		D84F2B2B174EF81500CEAFE5 /* Products */ = {
			isa = PBXGroup;
			children = (
				D84F2B2A174EF81500CEAFE5 /* AppleSamsungSerial.kext */,
			);
			name = Products;
			sourceTree = "<group>";
		};
		D84F2B2C174EF81500CEAFE5 /* Frameworks */ = {
			isa = PBXGroup;
			children = (
				D84F2B2D174EF81500CEAFE5 /* Other Frameworks */,
			);
			name = Frameworks;
			sourceTree = "<group>";
		};
		D84F2B2D174EF81500CEAFE5 /* Other Frameworks */ = {
			isa = PBXGroup;
			children = (
				D84F2B2E174EF81500CEAFE5 /* Kernel.framework */,
			);
			name = "Other Frameworks";
			sourceTree = "<group>";
		};
		D84F2B2F174EF81500CEAFE5 /* AppleSamsungSerial */ = {
			isa = PBXGroup;
			children = (
				D84F2B35174EF81500CEAFE5 /* AppleSamsungSerial.h */,
				D84F2B36174EF81500CEAFE5 /* AppleSamsungSerial.cpp */,
				D84F2B30174EF81500CEAFE5 /* Supporting Files */,
				D84F2B3E174EF8EA00CEAFE5 /* AppleSamsungSerialDevice.cpp */,
				D84F2B3F174EF8EA00CEAFE5 /* AppleSamsungSerialDevice.h */,
				D84F2B42174F06E600CEAFE5 /* AppleSamsungSerialDeviceSync.cpp */,
				D84F2B43174F06E600CEAFE5 /* AppleSamsungSerialDeviceSync.h */,
				D84F2B46174F111B00CEAFE5 /* AppleSamsungSerialBSDClient.cpp */,
				D84F2B47174F111B00CEAFE5 /* AppleSamsungSerialBSDClient.h */,
			);
			path = AppleSamsungSerial;
			sourceTree = "<group>";
		};
		D84F2B30174EF81500CEAFE5 /* Supporting Files */ = {
			isa = PBXGroup;
			children = (
				D84F2B31174EF81500CEAFE5 /* AppleSamsungSerial-Info.plist */,
				D84F2B32174EF81500CEAFE5 /* InfoPlist.strings */,
				D84F2B38174EF81500CEAFE5 /* AppleSamsungSerial-Prefix.pch */,
			);
			name = "Supporting Files";
			sourceTree = "<group>";
		};
/* End PBXGroup section */

/* Begin PBXHeadersBuildPhase section */
		D84F2B26174EF81500CEAFE5 /* Headers */ = {
			isa = PBXHeadersBuildPhase;
			buildActionMask = 2147483647;
			files = (
				D84F2B41174EF8EA00CEAFE5 /* AppleSamsungSerialDevice.h in Headers */,
				D84F2B45174F06E600CEAFE5 /* AppleSamsungSerialDeviceSync.h in Headers */,
				D84F2B49174F111B00CEAFE5 /* AppleSamsungSerialBSDClient.h in Headers */,
			);
			runOnlyForDeploymentPostprocessing = 0;
		};
/* End PBXHeadersBuildPhase section */

/* Begin PBXNativeTarget section */
		D84F2B29174EF81500CEAFE5 /* AppleSamsungSerial */ = {
			isa = PBXNativeTarget;
			buildConfigurationList = D84F2B3B174EF81500CEAFE5 /* Build configuration list for PBXNativeTarget "AppleSamsungSerial" */;
			buildPhases = (
				D84F2B24174EF81500CEAFE5 /* Sources */,
				D84F2B25174EF81500CEAFE5 /* Frameworks */,
				D84F2B26174EF81500CEAFE5 /* Headers */,
				D84F2B27174EF81500CEAFE5 /* Resources */,
				D84F2B28174EF81500CEAFE5 /* Rez */,
			);
			buildRules = (
			);
			dependencies = (
			);
			name = AppleSamsungSerial;
			productName = AppleSamsungSerial;
			productReference = D84F2B2A174EF81500CEAFE5 /* AppleSamsungSerial.kext */;
			productType = "com.apple.product-type.kernel-extension";
		};
/* End PBXNativeTarget section */

/* Begin PBXProject section */
		D84F2B20174EF81500CEAFE5 /* Project object */ = {
			isa = PBXProject;
			attributes = {
				LastUpgradeCheck = 0460;
				ORGANIZATIONNAME = rms;
			};
			buildConfigurationList = D84F2B23174EF81500CEAFE5 /* Build configuration list for PBXProject "AppleSamsungSerial" */;
			compatibilityVersion = "Xcode 3.2";
			developmentRegion = English;
			hasScannedForEncodings = 0;
			knownRegions = (
				en,
			);
			mainGroup = D84F2B1F174EF81500CEAFE5;
			productRefGroup = D84F2B2B174EF81500CEAFE5 /* Products */;
			projectDirPath = "";
			projectRoot = "";
			targets = (
				D84F2B29174EF81500CEAFE5 /* AppleSamsungSerial */,
			);
		};
/* End PBXProject section */

/* Begin PBXResourcesBuildPhase section */
		D84F2B27174EF81500CEAFE5 /* Resources */ = {
			isa = PBXResourcesBuildPhase;
			buildActionMask = 2147483647;
			files = (
				D84F2B34174EF81500CEAFE5 /* InfoPlist.strings in Resources */,
			);
			runOnlyForDeploymentPostprocessing = 0;
		};
/* End PBXResourcesBuildPhase section */

/* Begin PBXRezBuildPhase section */
		D84F2B28174EF81500CEAFE5 /* Rez */ = {
			isa = PBXRezBuildPhase;
			buildActionMask = 2147483647;
			files = (
			);
			runOnlyForDeploymentPostprocessing = 0;
		};
/* End PBXRezBuildPhase section */

/* Begin PBXSourcesBuildPhase section */
		D84F2B24174EF81500CEAFE5 /* Sources */ = {
			isa = PBXSourcesBuildPhase;
			buildActionMask = 2147483647;
			files = (
				D84F2B37174EF81500CEAFE5 /* AppleSamsungSerial.cpp in Sources */,
				D84F2B40174EF8EA00CEAFE5 /* AppleSamsungSerialDevice.cpp in Sources */,
				D84F2B44174F06E600CEAFE5 /* AppleSamsungSerialDeviceSync.cpp in Sources */,
				D84F2B48174F111B00CEAFE5 /* AppleSamsungSerialBSDClient.cpp in Sources */,
			);
			runOnlyForDeploymentPostprocessing = 0;
		};
/* End PBXSourcesBuildPhase section */

/* Begin PBXVariantGroup section */
		D84F2B32174EF81500CEAFE5 /* InfoPlist.strings */ = {
			isa = PBXVariantGroup;
			children = (
				D84F2B33174EF81500CEAFE5 /* en */,
			);
			name = InfoPlist.strings;
			sourceTree = "<group>";
		};
/* End PBXVariantGroup section */

/* Begin XCBuildConfiguration section */
		D84F2B39174EF81500CEAFE5 /* Debug */ = {
			isa = XCBuildConfiguration;
			buildSettings = {
				ALWAYS_SEARCH_USER_PATHS = NO;
				ARCHS = "$(ARCHS_STANDARD_32_BIT)";
				CLANG_CXX_LANGUAGE_STANDARD = "gnu++0x";
				CLANG_CXX_LIBRARY = "libc++";
				CLANG_WARN_CONSTANT_CONVERSION = YES;
				CLANG_WARN_EMPTY_BODY = YES;
				CLANG_WARN_ENUM_CONVERSION = YES;
				CLANG_WARN_INT_CONVERSION = YES;
				CLANG_WARN__DUPLICATE_METHOD_MATCH = YES;
				COPY_PHASE_STRIP = NO;
				GCC_C_LANGUAGE_STANDARD = gnu99;
				GCC_DYNAMIC_NO_PIC = NO;
				GCC_ENABLE_OBJC_EXCEPTIONS = YES;
				GCC_OPTIMIZATION_LEVEL = 0;
				GCC_PREPROCESSOR_DEFINITIONS = (
					"DEBUG=1",
					"$(inherited)",
				);
				GCC_SYMBOLS_PRIVATE_EXTERN = NO;
				GCC_WARN_64_TO_32_BIT_CONVERSION = YES;
				GCC_WARN_ABOUT_RETURN_TYPE = YES;
				GCC_WARN_UNINITIALIZED_AUTOS = YES;
				GCC_WARN_UNUSED_VARIABLE = YES;
				MACOSX_DEPLOYMENT_TARGET = 10.8;
				ONLY_ACTIVE_ARCH = YES;
				SDKROOT = macosx;
			};
			name = Debug;
		};
		D84F2B3A174EF81500CEAFE5 /* Release */ = {
			isa = XCBuildConfiguration;
			buildSettings = {
				ALWAYS_SEARCH_USER_PATHS = NO;
				ARCHS = "$(ARCHS_STANDARD_32_BIT)";
				CLANG_CXX_LANGUAGE_STANDARD = "gnu++0x";
				CLANG_CXX_LIBRARY = "libc++";
				CLANG_WARN_CONSTANT_CONVERSION = YES;
				CLANG_WARN_EMPTY_BODY = YES;
				CLANG_WARN_ENUM_CONVERSION = YES;
				CLANG_WARN_INT_CONVERSION = YES;
				CLANG_WARN__DUPLICATE_METHOD_MATCH = YES;
				COPY_PHASE_STRIP = NO;
				DEBUG_INFORMATION_FORMAT = "dwarf-with-dsym";
				GCC_C_LANGUAGE_STANDARD = gnu99;
				GCC_ENABLE_OBJC_EXCEPTIONS = YES;
				GCC_WARN_64_TO_32_BIT_CONVERSION = YES;
				GCC_WARN_ABOUT_RETURN_TYPE = YES;
				GCC_WARN_UNINITIALIZED_AUTOS = YES;
				GCC_WARN_UNUSED_VARIABLE = YES;
				MACOSX_DEPLOYMENT_TARGET = 10.8;
				SDKROOT = macosx;
			};
			name = Release;
		};
		D84F2B3C174EF81500CEAFE5 /* Debug */ = {
			isa = XCBuildConfiguration;
			buildSettings = {
				COMBINE_HIDPI_IMAGES = YES;
				CURRENT_PROJECT_VERSION = 1.0.0d1;
				GCC_PRECOMPILE_PREFIX_HEADER = YES;
				GCC_PREFIX_HEADER = "AppleSamsungSerial/AppleSamsungSerial-Prefix.pch";
				GCC_VERSION = com.apple.compilers.llvm.clang.1_0;
				INFOPLIST_FILE = "AppleSamsungSerial/AppleSamsungSerial-Info.plist";
				MODULE_NAME = com.apple.purple.AppleSamsungSerial;
				MODULE_VERSION = 1.0.0d1;
				PRODUCT_NAME = "$(TARGET_NAME)";
				WRAPPER_EXTENSION = kext;
			};
			name = Debug;
		};
		D84F2B3D174EF81500CEAFE5 /* Release */ = {
			isa = XCBuildConfiguration;
			buildSettings = {
				COMBINE_HIDPI_IMAGES = YES;
				CURRENT_PROJECT_VERSION = 1.0.0d1;
				GCC_PRECOMPILE_PREFIX_HEADER = YES;
				GCC_PREFIX_HEADER = "AppleSamsungSerial/AppleSamsungSerial-Prefix.pch";
				GCC_VERSION = com.apple.compilers.llvm.clang.1_0;
				INFOPLIST_FILE = "AppleSamsungSerial/AppleSamsungSerial-Info.plist";
				MODULE_NAME = com.apple.purple.AppleSamsungSerial;
				MODULE_VERSION = 1.0.0d1;
				PRODUCT_NAME = "$(TARGET_NAME)";
				WRAPPER_EXTENSION = kext;
			};
			name = Release;
		};
/* End XCBuildConfiguration section */

/* Begin XCConfigurationList section */
		D84F2B23174EF81500CEAFE5 /* Build configuration list for PBXProject "AppleSamsungSerial" */ = {
			isa = XCConfigurationList;
			buildConfigurations = (
				D84F2B39174EF81500CEAFE5 /* Debug */,
				D84F2B3A174EF81500CEAFE5 /* Release */,
			);
			defaultConfigurationIsVisible = 0;
			defaultConfigurationName = Release;
		};
		D84F2B3B174EF81500CEAFE5 /* Build configuration list for PBXNativeTarget "AppleSamsungSerial" */ = {
			isa = XCConfigurationList;
			buildConfigurations = (
				D84F2B3C174EF81500CEAFE5 /* Debug */,
				D84F2B3D174EF81500CEAFE5 /* Release */,
			);
			defaultConfigurationIsVisible = 0;
		};
/* End XCConfigurationList section */
	};
	rootObject = D84F2B20174EF81500CEAFE5 /* Project object */;
}
